
Microsoft Visual Studio Solution File, Format Version 12.00
# Visual Studio Version 17
VisualStudioVersion = 17.9.34714.143
MinimumVisualStudioVersion = 10.0.40219.1
Project("{FAE04EC0-301F-11D3-BF4B-00C04F79EFBC}") = "MatrixCalc", "MatrixCalc.csproj", "{79988944-5D25-40D5-9933-33CBC4F734DA}"
EndProject
Global
	GlobalSection(SolutionConfigurationPlatforms) = preSolution
		Debug|Any CPU = Debug|Any CPU
		Release|Any CPU = Release|Any CPU
	EndGlobalSection
	GlobalSection(ProjectConfigurationPlatforms) = postSolution
		{79988944-5D25-40D5-9933-33CBC4F734DA}.Debug|Any CPU.ActiveCfg = Debug|Any CPU
		{79988944-5D25-40D5-9933-33CBC4F734DA}.Debug|Any CPU.Build.0 = Debug|Any CPU
		{79988944-5D25-40D5-9933-33CBC4F734DA}.Release|Any CPU.ActiveCfg = Release|Any CPU
		{79988944-5D25-40D5-9933-33CBC4F734DA}.Release|Any CPU.Build.0 = Release|Any CPU
	EndGlobalSection
	GlobalSection(SolutionProperties) = preSolution
		HideSolutionNode = FALSE
	EndGlobalSection
	GlobalSection(ExtensibilityGlobals) = postSolution
		SolutionGuid = {DABC394D-CC2C-4B95-98B1-0D01D3EC1ED5}
	EndGlobalSection
EndGlobal
